<Solution>
  <Project Path="Assembly-CSharp.csproj" />
  <Project Path="Assembly-CSharp-Editor.csproj" />
  <Project Path="ToonyColorsPro.Editor.csproj" />
  <Project Path="PrimeTween.Demo.csproj" />
  <Project Path="ToonyColorsPro.Runtime.csproj" />
  <Project Path="PrimeTween.Debug.csproj" />
  <Project Path="PrimeTween.Installer.csproj" />
</Solution>
